
Microsoft Visual Studio Solution File, Format Version 12.00
# Visual Studio Version 17
VisualStudioVersion = 17.5.33516.290
MinimumVisualStudioVersion = 10.0.40219.1
Project("{2150E333-8FDC-42A3-9474-1A3956D46DE8}") = "Clients", "Clients", "{E6F8F2E7-B582-445D-B7DE-81B1728A263D}"
EndProject
Project("{2150E333-8FDC-42A3-9474-1A3956D46DE8}") = "Api.Gateways", "Api.Gateways", "{D0AA62B7-6F4B-4824-BC0E-AF6512178E86}"
EndProject
Project("{2150E333-8FDC-42A3-9474-1A3956D46DE8}") = "Services", "Services", "{17928CF5-669B-4E10-893E-BBB5893163B4}"
EndProject
Project("{2150E333-8FDC-42A3-9474-1A3956D46DE8}") = "Product", "Product", "{B3B70FBF-1D94-4273-BDE0-3DCE58B7AB88}"
EndProject
Project("{2150E333-8FDC-42A3-9474-1A3956D46DE8}") = "Sale", "Sale", "{D7A444CA-8C17-4294-8600-E3A7DB8E8EB0}"
EndProject
Project("{9A19103F-16F7-4668-BE54-9A1E7A4F7556}") = "Product.Api", "src\Services\Product\Product.Api\Product.Api.csproj", "{76BB71C4-A34C-4B4B-A007-1796E6AEDA19}"
EndProject
Project("{2150E333-8FDC-42A3-9474-1A3956D46DE8}") = "API", "API", "{63CEF3A7-64F5-4147-ABDD-3A1AF7031B7E}"
EndProject
Project("{2150E333-8FDC-42A3-9474-1A3956D46DE8}") = "Services", "Services", "{4AF4B312-9F31-46F9-AF7D-008982C3D147}"
EndProject
Project("{2150E333-8FDC-42A3-9474-1A3956D46DE8}") = "Persistence", "Persistence", "{8CFF0608-4A68-4424-82E8-BA60140767DD}"
EndProject
Project("{2150E333-8FDC-42A3-9474-1A3956D46DE8}") = "Models", "Models", "{8938D561-CC02-43A6-8170-63CA90841AFB}"
EndProject
Project("{9A19103F-16F7-4668-BE54-9A1E7A4F7556}") = "Product.Domain", "src\Services\Product\Product.Domain\Product.Domain.csproj", "{736B23C2-8216-4265-9DC5-4B4A6323658B}"
EndProject
Project("{9A19103F-16F7-4668-BE54-9A1E7A4F7556}") = "Product.Persistance.Database", "src\Services\Product\Product.Persistance.Database\Product.Persistance.Database.csproj", "{08DD8019-A42A-4E97-812D-AE9C132AC795}"
EndProject
Project("{9A19103F-16F7-4668-BE54-9A1E7A4F7556}") = "Product.Service.Queries", "src\Services\Product\Product.Service.Queries\Product.Service.Queries.csproj", "{99116307-183D-4724-9C85-8B29DF6E8EE0}"
EndProject
Project("{2150E333-8FDC-42A3-9474-1A3956D46DE8}") = "Common", "Common", "{9F3BDBEF-4273-4C6F-8EEB-55FD3BE3DDAD}"
EndProject
Project("{9A19103F-16F7-4668-BE54-9A1E7A4F7556}") = "Product.Service.EventHandlers", "src\Services\Product\Product.Service.EventHandlers\Product.Service.EventHandlers.csproj", "{8480F800-1D74-41C2-B0A3-8E47D3C28DA6}"
EndProject
Project("{9A19103F-16F7-4668-BE54-9A1E7A4F7556}") = "Service.Common.Mapping", "src\Services\Common\Service.Common.Mapping\Service.Common.Mapping.csproj", "{9BABE0B5-2CA2-4D64-B32E-EA0F573F0D0B}"
EndProject
Project("{2150E333-8FDC-42A3-9474-1A3956D46DE8}") = "Models", "Models", "{348C59F1-EAD7-442C-A014-0372C44DAEE7}"
EndProject
Project("{9A19103F-16F7-4668-BE54-9A1E7A4F7556}") = "Sale.Domain", "src\Services\Sale\Sale.Domain\Sale.Domain.csproj", "{5161140C-D424-4AA5-B6D4-88AB4FF27145}"
EndProject
Project("{2150E333-8FDC-42A3-9474-1A3956D46DE8}") = "Common", "Common", "{2EBB7472-96A6-4483-A925-F7DF7C36FAE6}"
EndProject
Project("{9A19103F-16F7-4668-BE54-9A1E7A4F7556}") = "Sale.Common", "src\Services\Sale\Sale.Common\Sale.Common.csproj", "{202E22AA-9F8D-49C4-9511-E8E2DF64480C}"
EndProject
Project("{2150E333-8FDC-42A3-9474-1A3956D46DE8}") = "API", "API", "{B7D31A4B-99FF-4413-96F7-E159FE97E491}"
EndProject
Project("{9A19103F-16F7-4668-BE54-9A1E7A4F7556}") = "Sale.Api", "src\Services\Sale\Sale.Api\Sale.Api.csproj", "{9E9184B3-4BA9-41C4-B691-C67EC4A21209}"
EndProject
Project("{2150E333-8FDC-42A3-9474-1A3956D46DE8}") = "Persistance", "Persistance", "{B9C86E79-A17D-4436-9964-B5C2454EEBA7}"
EndProject
Project("{9A19103F-16F7-4668-BE54-9A1E7A4F7556}") = "Sale.Persistance.Database", "src\Services\Sale\Sale.Persistance.Database\Sale.Persistance.Database.csproj", "{D317EAB3-B204-46A6-9E28-6AECDF7800A8}"
EndProject
Project("{2150E333-8FDC-42A3-9474-1A3956D46DE8}") = "Services", "Services", "{34101830-792C-4B35-A5DE-E037C43B59A0}"
EndProject
Project("{9A19103F-16F7-4668-BE54-9A1E7A4F7556}") = "Sale.Service.EventHandlers", "src\Services\Sale\Sale.Service.EventHandlers\Sale.Service.EventHandlers.csproj", "{D26C7452-5374-4A59-BA23-5CE71A2A2B70}"
EndProject
Project("{9A19103F-16F7-4668-BE54-9A1E7A4F7556}") = "Sale.Service.Queries", "src\Services\Sale\Sale.Service.Queries\Sale.Service.Queries.csproj", "{1C768923-2030-4F30-9259-1EC4707EFF8B}"
EndProject
Project("{9A19103F-16F7-4668-BE54-9A1E7A4F7556}") = "Sale.Service.Proxies", "src\Services\Sale\Sale.Service.Proxies\Sale.Service.Proxies.csproj", "{E394EA51-17D7-40FF-8750-11FDEBD0DFF5}"
EndProject
Project("{2150E333-8FDC-42A3-9474-1A3956D46DE8}") = "Common", "Common", "{713C871A-332C-441E-A7AA-1CE2F9FCD2DF}"
EndProject
Project("{9A19103F-16F7-4668-BE54-9A1E7A4F7556}") = "Product.Common", "src\Services\Product\Product.Common\Product.Common.csproj", "{F69DAF0C-5089-4AEF-8482-3D2F1AED7993}"
EndProject
Project("{9A19103F-16F7-4668-BE54-9A1E7A4F7556}") = "Api.Gateway.WebClient", "src\Gateways\Api.Gateway.WebClient\Api.Gateway.WebClient.csproj", "{EAE8FE3E-9E47-4AE5-90AF-B538104CCF66}"
EndProject
Project("{9A19103F-16F7-4668-BE54-9A1E7A4F7556}") = "Api.Gateway.Proxies", "src\Gateways\Api.Gateway.Proxies\Api.Gateway.Proxies.csproj", "{2DBF7AC0-3675-4FFB-88F6-1C3346A2A83B}"
EndProject
Project("{9A19103F-16F7-4668-BE54-9A1E7A4F7556}") = "Api.Gateway.Models", "src\Gateways\Api.Gateway.Models\Api.Gateway.Models.csproj", "{96579B3B-8BDD-4E22-8FE5-3593709ACB36}"
EndProject
Project("{9A19103F-16F7-4668-BE54-9A1E7A4F7556}") = "Clients.WebClient", "src\Clients\Clients.WebClient\Clients.WebClient.csproj", "{7692DB40-0CF5-4635-8A01-48713B089353}"
EndProject
Project("{9A19103F-16F7-4668-BE54-9A1E7A4F7556}") = "Api.Gateway.WebClient.Proxy", "src\Gateways\Api.Gateway.WebClient.Proxy\Api.Gateway.WebClient.Proxy.csproj", "{2E03308A-4B8C-4348-A563-B42190836B68}"
EndProject
Global
	GlobalSection(SolutionConfigurationPlatforms) = preSolution
		Debug|Any CPU = Debug|Any CPU
		Release|Any CPU = Release|Any CPU
	EndGlobalSection
	GlobalSection(ProjectConfigurationPlatforms) = postSolution
		{76BB71C4-A34C-4B4B-A007-1796E6AEDA19}.Debug|Any CPU.ActiveCfg = Debug|Any CPU
		{76BB71C4-A34C-4B4B-A007-1796E6AEDA19}.Debug|Any CPU.Build.0 = Debug|Any CPU
		{76BB71C4-A34C-4B4B-A007-1796E6AEDA19}.Release|Any CPU.ActiveCfg = Release|Any CPU
		{76BB71C4-A34C-4B4B-A007-1796E6AEDA19}.Release|Any CPU.Build.0 = Release|Any CPU
		{736B23C2-8216-4265-9DC5-4B4A6323658B}.Debug|Any CPU.ActiveCfg = Debug|Any CPU
		{736B23C2-8216-4265-9DC5-4B4A6323658B}.Debug|Any CPU.Build.0 = Debug|Any CPU
		{736B23C2-8216-4265-9DC5-4B4A6323658B}.Release|Any CPU.ActiveCfg = Release|Any CPU
		{736B23C2-8216-4265-9DC5-4B4A6323658B}.Release|Any CPU.Build.0 = Release|Any CPU
		{08DD8019-A42A-4E97-812D-AE9C132AC795}.Debug|Any CPU.ActiveCfg = Debug|Any CPU
		{08DD8019-A42A-4E97-812D-AE9C132AC795}.Debug|Any CPU.Build.0 = Debug|Any CPU
		{08DD8019-A42A-4E97-812D-AE9C132AC795}.Release|Any CPU.ActiveCfg = Release|Any CPU
		{08DD8019-A42A-4E97-812D-AE9C132AC795}.Release|Any CPU.Build.0 = Release|Any CPU
		{99116307-183D-4724-9C85-8B29DF6E8EE0}.Debug|Any CPU.ActiveCfg = Debug|Any CPU
		{99116307-183D-4724-9C85-8B29DF6E8EE0}.Debug|Any CPU.Build.0 = Debug|Any CPU
		{99116307-183D-4724-9C85-8B29DF6E8EE0}.Release|Any CPU.ActiveCfg = Release|Any CPU
		{99116307-183D-4724-9C85-8B29DF6E8EE0}.Release|Any CPU.Build.0 = Release|Any CPU
		{8480F800-1D74-41C2-B0A3-8E47D3C28DA6}.Debug|Any CPU.ActiveCfg = Debug|Any CPU
		{8480F800-1D74-41C2-B0A3-8E47D3C28DA6}.Debug|Any CPU.Build.0 = Debug|Any CPU
		{8480F800-1D74-41C2-B0A3-8E47D3C28DA6}.Release|Any CPU.ActiveCfg = Release|Any CPU
		{8480F800-1D74-41C2-B0A3-8E47D3C28DA6}.Release|Any CPU.Build.0 = Release|Any CPU
		{9BABE0B5-2CA2-4D64-B32E-EA0F573F0D0B}.Debug|Any CPU.ActiveCfg = Debug|Any CPU
		{9BABE0B5-2CA2-4D64-B32E-EA0F573F0D0B}.Debug|Any CPU.Build.0 = Debug|Any CPU
		{9BABE0B5-2CA2-4D64-B32E-EA0F573F0D0B}.Release|Any CPU.ActiveCfg = Release|Any CPU
		{9BABE0B5-2CA2-4D64-B32E-EA0F573F0D0B}.Release|Any CPU.Build.0 = Release|Any CPU
		{5161140C-D424-4AA5-B6D4-88AB4FF27145}.Debug|Any CPU.ActiveCfg = Debug|Any CPU
		{5161140C-D424-4AA5-B6D4-88AB4FF27145}.Debug|Any CPU.Build.0 = Debug|Any CPU
		{5161140C-D424-4AA5-B6D4-88AB4FF27145}.Release|Any CPU.ActiveCfg = Release|Any CPU
		{5161140C-D424-4AA5-B6D4-88AB4FF27145}.Release|Any CPU.Build.0 = Release|Any CPU
		{202E22AA-9F8D-49C4-9511-E8E2DF64480C}.Debug|Any CPU.ActiveCfg = Debug|Any CPU
		{202E22AA-9F8D-49C4-9511-E8E2DF64480C}.Debug|Any CPU.Build.0 = Debug|Any CPU
		{202E22AA-9F8D-49C4-9511-E8E2DF64480C}.Release|Any CPU.ActiveCfg = Release|Any CPU
		{202E22AA-9F8D-49C4-9511-E8E2DF64480C}.Release|Any CPU.Build.0 = Release|Any CPU
		{9E9184B3-4BA9-41C4-B691-C67EC4A21209}.Debug|Any CPU.ActiveCfg = Debug|Any CPU
		{9E9184B3-4BA9-41C4-B691-C67EC4A21209}.Debug|Any CPU.Build.0 = Debug|Any CPU
		{9E9184B3-4BA9-41C4-B691-C67EC4A21209}.Release|Any CPU.ActiveCfg = Release|Any CPU
		{9E9184B3-4BA9-41C4-B691-C67EC4A21209}.Release|Any CPU.Build.0 = Release|Any CPU
		{D317EAB3-B204-46A6-9E28-6AECDF7800A8}.Debug|Any CPU.ActiveCfg = Debug|Any CPU
		{D317EAB3-B204-46A6-9E28-6AECDF7800A8}.Debug|Any CPU.Build.0 = Debug|Any CPU
		{D317EAB3-B204-46A6-9E28-6AECDF7800A8}.Release|Any CPU.ActiveCfg = Release|Any CPU
		{D317EAB3-B204-46A6-9E28-6AECDF7800A8}.Release|Any CPU.Build.0 = Release|Any CPU
		{D26C7452-5374-4A59-BA23-5CE71A2A2B70}.Debug|Any CPU.ActiveCfg = Debug|Any CPU
		{D26C7452-5374-4A59-BA23-5CE71A2A2B70}.Debug|Any CPU.Build.0 = Debug|Any CPU
		{D26C7452-5374-4A59-BA23-5CE71A2A2B70}.Release|Any CPU.ActiveCfg = Release|Any CPU
		{D26C7452-5374-4A59-BA23-5CE71A2A2B70}.Release|Any CPU.Build.0 = Release|Any CPU
		{1C768923-2030-4F30-9259-1EC4707EFF8B}.Debug|Any CPU.ActiveCfg = Debug|Any CPU
		{1C768923-2030-4F30-9259-1EC4707EFF8B}.Debug|Any CPU.Build.0 = Debug|Any CPU
		{1C768923-2030-4F30-9259-1EC4707EFF8B}.Release|Any CPU.ActiveCfg = Release|Any CPU
		{1C768923-2030-4F30-9259-1EC4707EFF8B}.Release|Any CPU.Build.0 = Release|Any CPU
		{E394EA51-17D7-40FF-8750-11FDEBD0DFF5}.Debug|Any CPU.ActiveCfg = Debug|Any CPU
		{E394EA51-17D7-40FF-8750-11FDEBD0DFF5}.Debug|Any CPU.Build.0 = Debug|Any CPU
		{E394EA51-17D7-40FF-8750-11FDEBD0DFF5}.Release|Any CPU.ActiveCfg = Release|Any CPU
		{E394EA51-17D7-40FF-8750-11FDEBD0DFF5}.Release|Any CPU.Build.0 = Release|Any CPU
		{F69DAF0C-5089-4AEF-8482-3D2F1AED7993}.Debug|Any CPU.ActiveCfg = Debug|Any CPU
		{F69DAF0C-5089-4AEF-8482-3D2F1AED7993}.Debug|Any CPU.Build.0 = Debug|Any CPU
		{F69DAF0C-5089-4AEF-8482-3D2F1AED7993}.Release|Any CPU.ActiveCfg = Release|Any CPU
		{F69DAF0C-5089-4AEF-8482-3D2F1AED7993}.Release|Any CPU.Build.0 = Release|Any CPU
		{EAE8FE3E-9E47-4AE5-90AF-B538104CCF66}.Debug|Any CPU.ActiveCfg = Debug|Any CPU
		{EAE8FE3E-9E47-4AE5-90AF-B538104CCF66}.Debug|Any CPU.Build.0 = Debug|Any CPU
		{EAE8FE3E-9E47-4AE5-90AF-B538104CCF66}.Release|Any CPU.ActiveCfg = Release|Any CPU
		{EAE8FE3E-9E47-4AE5-90AF-B538104CCF66}.Release|Any CPU.Build.0 = Release|Any CPU
		{2DBF7AC0-3675-4FFB-88F6-1C3346A2A83B}.Debug|Any CPU.ActiveCfg = Debug|Any CPU
		{2DBF7AC0-3675-4FFB-88F6-1C3346A2A83B}.Debug|Any CPU.Build.0 = Debug|Any CPU
		{2DBF7AC0-3675-4FFB-88F6-1C3346A2A83B}.Release|Any CPU.ActiveCfg = Release|Any CPU
		{2DBF7AC0-3675-4FFB-88F6-1C3346A2A83B}.Release|Any CPU.Build.0 = Release|Any CPU
		{96579B3B-8BDD-4E22-8FE5-3593709ACB36}.Debug|Any CPU.ActiveCfg = Debug|Any CPU
		{96579B3B-8BDD-4E22-8FE5-3593709ACB36}.Debug|Any CPU.Build.0 = Debug|Any CPU
		{96579B3B-8BDD-4E22-8FE5-3593709ACB36}.Release|Any CPU.ActiveCfg = Release|Any CPU
		{96579B3B-8BDD-4E22-8FE5-3593709ACB36}.Release|Any CPU.Build.0 = Release|Any CPU
		{7692DB40-0CF5-4635-8A01-48713B089353}.Debug|Any CPU.ActiveCfg = Debug|Any CPU
		{7692DB40-0CF5-4635-8A01-48713B089353}.Debug|Any CPU.Build.0 = Debug|Any CPU
		{7692DB40-0CF5-4635-8A01-48713B089353}.Release|Any CPU.ActiveCfg = Release|Any CPU
		{7692DB40-0CF5-4635-8A01-48713B089353}.Release|Any CPU.Build.0 = Release|Any CPU
		{2E03308A-4B8C-4348-A563-B42190836B68}.Debug|Any CPU.ActiveCfg = Debug|Any CPU
		{2E03308A-4B8C-4348-A563-B42190836B68}.Debug|Any CPU.Build.0 = Debug|Any CPU
		{2E03308A-4B8C-4348-A563-B42190836B68}.Release|Any CPU.ActiveCfg = Release|Any CPU
		{2E03308A-4B8C-4348-A563-B42190836B68}.Release|Any CPU.Build.0 = Release|Any CPU
	EndGlobalSection
	GlobalSection(SolutionProperties) = preSolution
		HideSolutionNode = FALSE
	EndGlobalSection
	GlobalSection(NestedProjects) = preSolution
		{B3B70FBF-1D94-4273-BDE0-3DCE58B7AB88} = {17928CF5-669B-4E10-893E-BBB5893163B4}
		{D7A444CA-8C17-4294-8600-E3A7DB8E8EB0} = {17928CF5-669B-4E10-893E-BBB5893163B4}
		{76BB71C4-A34C-4B4B-A007-1796E6AEDA19} = {63CEF3A7-64F5-4147-ABDD-3A1AF7031B7E}
		{63CEF3A7-64F5-4147-ABDD-3A1AF7031B7E} = {B3B70FBF-1D94-4273-BDE0-3DCE58B7AB88}
		{4AF4B312-9F31-46F9-AF7D-008982C3D147} = {B3B70FBF-1D94-4273-BDE0-3DCE58B7AB88}
		{8CFF0608-4A68-4424-82E8-BA60140767DD} = {B3B70FBF-1D94-4273-BDE0-3DCE58B7AB88}
		{8938D561-CC02-43A6-8170-63CA90841AFB} = {B3B70FBF-1D94-4273-BDE0-3DCE58B7AB88}
		{736B23C2-8216-4265-9DC5-4B4A6323658B} = {8938D561-CC02-43A6-8170-63CA90841AFB}
		{08DD8019-A42A-4E97-812D-AE9C132AC795} = {8CFF0608-4A68-4424-82E8-BA60140767DD}
		{99116307-183D-4724-9C85-8B29DF6E8EE0} = {4AF4B312-9F31-46F9-AF7D-008982C3D147}
		{9F3BDBEF-4273-4C6F-8EEB-55FD3BE3DDAD} = {17928CF5-669B-4E10-893E-BBB5893163B4}
		{8480F800-1D74-41C2-B0A3-8E47D3C28DA6} = {4AF4B312-9F31-46F9-AF7D-008982C3D147}
		{9BABE0B5-2CA2-4D64-B32E-EA0F573F0D0B} = {9F3BDBEF-4273-4C6F-8EEB-55FD3BE3DDAD}
		{348C59F1-EAD7-442C-A014-0372C44DAEE7} = {D7A444CA-8C17-4294-8600-E3A7DB8E8EB0}
		{5161140C-D424-4AA5-B6D4-88AB4FF27145} = {348C59F1-EAD7-442C-A014-0372C44DAEE7}
		{2EBB7472-96A6-4483-A925-F7DF7C36FAE6} = {D7A444CA-8C17-4294-8600-E3A7DB8E8EB0}
		{202E22AA-9F8D-49C4-9511-E8E2DF64480C} = {2EBB7472-96A6-4483-A925-F7DF7C36FAE6}
		{B7D31A4B-99FF-4413-96F7-E159FE97E491} = {D7A444CA-8C17-4294-8600-E3A7DB8E8EB0}
		{9E9184B3-4BA9-41C4-B691-C67EC4A21209} = {B7D31A4B-99FF-4413-96F7-E159FE97E491}
		{B9C86E79-A17D-4436-9964-B5C2454EEBA7} = {D7A444CA-8C17-4294-8600-E3A7DB8E8EB0}
		{D317EAB3-B204-46A6-9E28-6AECDF7800A8} = {B9C86E79-A17D-4436-9964-B5C2454EEBA7}
		{34101830-792C-4B35-A5DE-E037C43B59A0} = {D7A444CA-8C17-4294-8600-E3A7DB8E8EB0}
		{D26C7452-5374-4A59-BA23-5CE71A2A2B70} = {34101830-792C-4B35-A5DE-E037C43B59A0}
		{1C768923-2030-4F30-9259-1EC4707EFF8B} = {34101830-792C-4B35-A5DE-E037C43B59A0}
		{E394EA51-17D7-40FF-8750-11FDEBD0DFF5} = {34101830-792C-4B35-A5DE-E037C43B59A0}
		{713C871A-332C-441E-A7AA-1CE2F9FCD2DF} = {B3B70FBF-1D94-4273-BDE0-3DCE58B7AB88}
		{F69DAF0C-5089-4AEF-8482-3D2F1AED7993} = {713C871A-332C-441E-A7AA-1CE2F9FCD2DF}
		{EAE8FE3E-9E47-4AE5-90AF-B538104CCF66} = {D0AA62B7-6F4B-4824-BC0E-AF6512178E86}
		{2DBF7AC0-3675-4FFB-88F6-1C3346A2A83B} = {D0AA62B7-6F4B-4824-BC0E-AF6512178E86}
		{96579B3B-8BDD-4E22-8FE5-3593709ACB36} = {D0AA62B7-6F4B-4824-BC0E-AF6512178E86}
		{7692DB40-0CF5-4635-8A01-48713B089353} = {E6F8F2E7-B582-445D-B7DE-81B1728A263D}
		{2E03308A-4B8C-4348-A563-B42190836B68} = {D0AA62B7-6F4B-4824-BC0E-AF6512178E86}
	EndGlobalSection
	GlobalSection(ExtensibilityGlobals) = postSolution
		SolutionGuid = {0640CDFB-0D48-41BE-A537-0BB06E58498F}
	EndGlobalSection
EndGlobal
