
Microsoft Visual Studio Solution File, Format Version 12.00
# Visual Studio Version 17
VisualStudioVersion = 17.5.33516.290
MinimumVisualStudioVersion = 10.0.40219.1
Project("{2150E333-8FDC-42A3-9474-1A3956D46DE8}") = "Clients", "Clients", "{E6F8F2E7-B582-445D-B7DE-81B1728A263D}"
EndProject
Project("{2150E333-8FDC-42A3-9474-1A3956D46DE8}") = "Api.Gateways", "Api.Gateways", "{D0AA62B7-6F4B-4824-BC0E-AF6512178E86}"
EndProject
Project("{2150E333-8FDC-42A3-9474-1A3956D46DE8}") = "Services", "Services", "{17928CF5-669B-4E10-893E-BBB5893163B4}"
EndProject
Project("{2150E333-8FDC-42A3-9474-1A3956D46DE8}") = "01.Product", "01.Product", "{B3B70FBF-1D94-4273-BDE0-3DCE58B7AB88}"
EndProject
Project("{2150E333-8FDC-42A3-9474-1A3956D46DE8}") = "02.Sale", "02.Sale", "{D7A444CA-8C17-4294-8600-E3A7DB8E8EB0}"
EndProject
Project("{9A19103F-16F7-4668-BE54-9A1E7A4F7556}") = "Product.Api", "src\Services\Product\Product.Api\Product.Api.csproj", "{76BB71C4-A34C-4B4B-A007-1796E6AEDA19}"
EndProject
Project("{2150E333-8FDC-42A3-9474-1A3956D46DE8}") = "API", "API", "{63CEF3A7-64F5-4147-ABDD-3A1AF7031B7E}"
EndProject
Project("{2150E333-8FDC-42A3-9474-1A3956D46DE8}") = "Services", "Services", "{4AF4B312-9F31-46F9-AF7D-008982C3D147}"
EndProject
Project("{2150E333-8FDC-42A3-9474-1A3956D46DE8}") = "Persistence", "Persistence", "{8CFF0608-4A68-4424-82E8-BA60140767DD}"
EndProject
Project("{2150E333-8FDC-42A3-9474-1A3956D46DE8}") = "Models", "Models", "{8938D561-CC02-43A6-8170-63CA90841AFB}"
EndProject
Project("{9A19103F-16F7-4668-BE54-9A1E7A4F7556}") = "Product.Domain", "src\Services\Product\Product.Domain\Product.Domain.csproj", "{736B23C2-8216-4265-9DC5-4B4A6323658B}"
EndProject
Project("{9A19103F-16F7-4668-BE54-9A1E7A4F7556}") = "Product.Persistance.Database", "src\Services\Product\Product.Persistance.Database\Product.Persistance.Database.csproj", "{08DD8019-A42A-4E97-812D-AE9C132AC795}"
EndProject
Global
	GlobalSection(SolutionConfigurationPlatforms) = preSolution
		Debug|Any CPU = Debug|Any CPU
		Release|Any CPU = Release|Any CPU
	EndGlobalSection
	GlobalSection(ProjectConfigurationPlatforms) = postSolution
		{76BB71C4-A34C-4B4B-A007-1796E6AEDA19}.Debug|Any CPU.ActiveCfg = Debug|Any CPU
		{76BB71C4-A34C-4B4B-A007-1796E6AEDA19}.Debug|Any CPU.Build.0 = Debug|Any CPU
		{76BB71C4-A34C-4B4B-A007-1796E6AEDA19}.Release|Any CPU.ActiveCfg = Release|Any CPU
		{76BB71C4-A34C-4B4B-A007-1796E6AEDA19}.Release|Any CPU.Build.0 = Release|Any CPU
		{736B23C2-8216-4265-9DC5-4B4A6323658B}.Debug|Any CPU.ActiveCfg = Debug|Any CPU
		{736B23C2-8216-4265-9DC5-4B4A6323658B}.Debug|Any CPU.Build.0 = Debug|Any CPU
		{736B23C2-8216-4265-9DC5-4B4A6323658B}.Release|Any CPU.ActiveCfg = Release|Any CPU
		{736B23C2-8216-4265-9DC5-4B4A6323658B}.Release|Any CPU.Build.0 = Release|Any CPU
		{08DD8019-A42A-4E97-812D-AE9C132AC795}.Debug|Any CPU.ActiveCfg = Debug|Any CPU
		{08DD8019-A42A-4E97-812D-AE9C132AC795}.Debug|Any CPU.Build.0 = Debug|Any CPU
		{08DD8019-A42A-4E97-812D-AE9C132AC795}.Release|Any CPU.ActiveCfg = Release|Any CPU
		{08DD8019-A42A-4E97-812D-AE9C132AC795}.Release|Any CPU.Build.0 = Release|Any CPU
	EndGlobalSection
	GlobalSection(SolutionProperties) = preSolution
		HideSolutionNode = FALSE
	EndGlobalSection
	GlobalSection(NestedProjects) = preSolution
		{B3B70FBF-1D94-4273-BDE0-3DCE58B7AB88} = {17928CF5-669B-4E10-893E-BBB5893163B4}
		{D7A444CA-8C17-4294-8600-E3A7DB8E8EB0} = {17928CF5-669B-4E10-893E-BBB5893163B4}
		{76BB71C4-A34C-4B4B-A007-1796E6AEDA19} = {63CEF3A7-64F5-4147-ABDD-3A1AF7031B7E}
		{63CEF3A7-64F5-4147-ABDD-3A1AF7031B7E} = {B3B70FBF-1D94-4273-BDE0-3DCE58B7AB88}
		{4AF4B312-9F31-46F9-AF7D-008982C3D147} = {B3B70FBF-1D94-4273-BDE0-3DCE58B7AB88}
		{8CFF0608-4A68-4424-82E8-BA60140767DD} = {B3B70FBF-1D94-4273-BDE0-3DCE58B7AB88}
		{8938D561-CC02-43A6-8170-63CA90841AFB} = {B3B70FBF-1D94-4273-BDE0-3DCE58B7AB88}
		{736B23C2-8216-4265-9DC5-4B4A6323658B} = {8938D561-CC02-43A6-8170-63CA90841AFB}
		{08DD8019-A42A-4E97-812D-AE9C132AC795} = {8CFF0608-4A68-4424-82E8-BA60140767DD}
	EndGlobalSection
	GlobalSection(ExtensibilityGlobals) = postSolution
		SolutionGuid = {0640CDFB-0D48-41BE-A537-0BB06E58498F}
	EndGlobalSection
EndGlobal
